
Microsoft Visual Studio Solution File, Format Version 12.00
# Visual Studio Version 16
VisualStudioVersion = 16.0.31105.61
MinimumVisualStudioVersion = 10.0.40219.1
Project("{FAE04EC0-301F-11D3-BF4B-00C04F79EFBC}") = "NL_text_representation", "NL_text_representation.csproj", "{3828612D-C789-450F-A6A1-F0475D20135A}"
EndProject
Global
	GlobalSection(SolutionConfigurationPlatforms) = preSolution
		Debug|Any CPU = Debug|Any CPU
		Release|Any CPU = Release|Any CPU
	EndGlobalSection
	GlobalSection(ProjectConfigurationPlatforms) = postSolution
		{3828612D-C789-450F-A6A1-F0475D20135A}.Debug|Any CPU.ActiveCfg = Debug|Any CPU
		{3828612D-C789-450F-A6A1-F0475D20135A}.Debug|Any CPU.Build.0 = Debug|Any CPU
		{3828612D-C789-450F-A6A1-F0475D20135A}.Release|Any CPU.ActiveCfg = Release|Any CPU
		{3828612D-C789-450F-A6A1-F0475D20135A}.Release|Any CPU.Build.0 = Release|Any CPU
	EndGlobalSection
	GlobalSection(SolutionProperties) = preSolution
		HideSolutionNode = FALSE
	EndGlobalSection
	GlobalSection(ExtensibilityGlobals) = postSolution
		SolutionGuid = {1A77957F-345E-4267-8506-F9555DD0C7B3}
	EndGlobalSection
EndGlobal
